
Microsoft Visual Studio Solution File, Format Version 12.00
# Visual Studio Version 17
VisualStudioVersion = 17.6.33815.320
MinimumVisualStudioVersion = 10.0.40219.1
Project("{FAE04EC0-301F-11D3-BF4B-00C04F79EFBC}") = "ConsoleApp", "ConsoleApp.csproj", "{DBA5BA9F-7D4D-4DD7-9CAC-0C61546E256B}"
EndProject
Global
	GlobalSection(SolutionConfigurationPlatforms) = preSolution
		Debug|Any CPU = Debug|Any CPU
		Release|Any CPU = Release|Any CPU
	EndGlobalSection
	GlobalSection(ProjectConfigurationPlatforms) = postSolution
		{DBA5BA9F-7D4D-4DD7-9CAC-0C61546E256B}.Debug|Any CPU.ActiveCfg = Debug|Any CPU
		{DBA5BA9F-7D4D-4DD7-9CAC-0C61546E256B}.Debug|Any CPU.Build.0 = Debug|Any CPU
		{DBA5BA9F-7D4D-4DD7-9CAC-0C61546E256B}.Release|Any CPU.ActiveCfg = Release|Any CPU
		{DBA5BA9F-7D4D-4DD7-9CAC-0C61546E256B}.Release|Any CPU.Build.0 = Release|Any CPU
	EndGlobalSection
	GlobalSection(SolutionProperties) = preSolution
		HideSolutionNode = FALSE
	EndGlobalSection
	GlobalSection(ExtensibilityGlobals) = postSolution
		SolutionGuid = {55B35EDC-6F7D-431A-977A-1B8E3ACBB42A}
	EndGlobalSection
EndGlobal
